
Microsoft Visual Studio Solution File, Format Version 12.00
# Visual Studio Version 17
VisualStudioVersion = 17.9.34622.214
MinimumVisualStudioVersion = 10.0.40219.1
Project("{FAE04EC0-301F-11D3-BF4B-00C04F79EFBC}") = "MaruRotations", "MaruRotations.csproj", "{EFAF8257-EB86-423C-AD38-A8DFF65F405B}"
EndProject
Global
	GlobalSection(SolutionConfigurationPlatforms) = preSolution
		Debug|Any CPU = Debug|Any CPU
		Release|Any CPU = Release|Any CPU
	EndGlobalSection
	GlobalSection(ProjectConfigurationPlatforms) = postSolution
		{EFAF8257-EB86-423C-AD38-A8DFF65F405B}.Debug|Any CPU.ActiveCfg = Debug|Any CPU
		{EFAF8257-EB86-423C-AD38-A8DFF65F405B}.Debug|Any CPU.Build.0 = Debug|Any CPU
		{EFAF8257-EB86-423C-AD38-A8DFF65F405B}.Release|Any CPU.ActiveCfg = Release|Any CPU
		{EFAF8257-EB86-423C-AD38-A8DFF65F405B}.Release|Any CPU.Build.0 = Release|Any CPU
	EndGlobalSection
	GlobalSection(SolutionProperties) = preSolution
		HideSolutionNode = FALSE
	EndGlobalSection
	GlobalSection(ExtensibilityGlobals) = postSolution
		SolutionGuid = {F6D024E1-6E35-49C2-838E-77D1E122FFBD}
	EndGlobalSection
EndGlobal
